
Microsoft Visual Studio Solution File, Format Version 12.00
# Visual Studio Version 17
VisualStudioVersion = 17.10.35013.160
MinimumVisualStudioVersion = 10.0.40219.1
Project("{9A19103F-16F7-4668-BE54-9A1E7A4F7556}") = "Toshi.Backend.Domain", "Toshi.Backend.Domain\Toshi.Backend.Domain.csproj", "{1CDC687D-6D35-4BFC-A30E-9BAB311CE018}"
EndProject
Project("{9A19103F-16F7-4668-BE54-9A1E7A4F7556}") = "Toshi.Backend.Application", "Toshi.Backend.Application\Toshi.Backend.Application.csproj", "{C18D8AAB-F031-4D05-8BFF-80DB36228D3D}"
EndProject
Project("{9A19103F-16F7-4668-BE54-9A1E7A4F7556}") = "Toshi.Backend.Infraestructure", "Toshi.Backend.Infraestructure\Toshi.Backend.Infraestructure.csproj", "{F2F62088-8FD6-40A4-9BED-DC4289C8ADB3}"
EndProject
Project("{9A19103F-16F7-4668-BE54-9A1E7A4F7556}") = "Toshi.Backend.API", "Toshi.Backend.API\Toshi.Backend.API.csproj", "{232806EE-ACB5-48B1-BD20-F51360A96DBC}"
EndProject
Project("{FAE04EC0-301F-11D3-BF4B-00C04F79EFBC}") = "Toshi.Backend.Utilities", "Toshi.Backend.Utilities\Toshi.Backend.Utilities.csproj", "{CE335F04-F2E5-40BC-B07E-5AB0E4FA0A39}"
EndProject
Global
	GlobalSection(SolutionConfigurationPlatforms) = preSolution
		Debug|Any CPU = Debug|Any CPU
		Release|Any CPU = Release|Any CPU
	EndGlobalSection
	GlobalSection(ProjectConfigurationPlatforms) = postSolution
		{1CDC687D-6D35-4BFC-A30E-9BAB311CE018}.Debug|Any CPU.ActiveCfg = Debug|Any CPU
		{1CDC687D-6D35-4BFC-A30E-9BAB311CE018}.Debug|Any CPU.Build.0 = Debug|Any CPU
		{1CDC687D-6D35-4BFC-A30E-9BAB311CE018}.Release|Any CPU.ActiveCfg = Release|Any CPU
		{1CDC687D-6D35-4BFC-A30E-9BAB311CE018}.Release|Any CPU.Build.0 = Release|Any CPU
		{C18D8AAB-F031-4D05-8BFF-80DB36228D3D}.Debug|Any CPU.ActiveCfg = Debug|Any CPU
		{C18D8AAB-F031-4D05-8BFF-80DB36228D3D}.Debug|Any CPU.Build.0 = Debug|Any CPU
		{C18D8AAB-F031-4D05-8BFF-80DB36228D3D}.Release|Any CPU.ActiveCfg = Release|Any CPU
		{C18D8AAB-F031-4D05-8BFF-80DB36228D3D}.Release|Any CPU.Build.0 = Release|Any CPU
		{F2F62088-8FD6-40A4-9BED-DC4289C8ADB3}.Debug|Any CPU.ActiveCfg = Debug|Any CPU
		{F2F62088-8FD6-40A4-9BED-DC4289C8ADB3}.Debug|Any CPU.Build.0 = Debug|Any CPU
		{F2F62088-8FD6-40A4-9BED-DC4289C8ADB3}.Release|Any CPU.ActiveCfg = Release|Any CPU
		{F2F62088-8FD6-40A4-9BED-DC4289C8ADB3}.Release|Any CPU.Build.0 = Release|Any CPU
		{232806EE-ACB5-48B1-BD20-F51360A96DBC}.Debug|Any CPU.ActiveCfg = Debug|Any CPU
		{232806EE-ACB5-48B1-BD20-F51360A96DBC}.Debug|Any CPU.Build.0 = Debug|Any CPU
		{232806EE-ACB5-48B1-BD20-F51360A96DBC}.Release|Any CPU.ActiveCfg = Release|Any CPU
		{232806EE-ACB5-48B1-BD20-F51360A96DBC}.Release|Any CPU.Build.0 = Release|Any CPU
		{CE335F04-F2E5-40BC-B07E-5AB0E4FA0A39}.Debug|Any CPU.ActiveCfg = Debug|Any CPU
		{CE335F04-F2E5-40BC-B07E-5AB0E4FA0A39}.Debug|Any CPU.Build.0 = Debug|Any CPU
		{CE335F04-F2E5-40BC-B07E-5AB0E4FA0A39}.Release|Any CPU.ActiveCfg = Release|Any CPU
		{CE335F04-F2E5-40BC-B07E-5AB0E4FA0A39}.Release|Any CPU.Build.0 = Release|Any CPU
	EndGlobalSection
	GlobalSection(SolutionProperties) = preSolution
		HideSolutionNode = FALSE
	EndGlobalSection
	GlobalSection(ExtensibilityGlobals) = postSolution
		SolutionGuid = {062D1CAB-EC7A-4687-9FA9-46E692193B9E}
	EndGlobalSection
EndGlobal
